// !$*UTF8*$!
{
	archiveVersion = 1;
	classes = {
	};
	objectVersion = 50;
	objects = {

/* Begin PBXBuildFile section */
		3F08B9DC262DA5CA0097FF1A /* DetailsRestarauntViewController.swift in Sources */ = {isa = PBXBuildFile; fileRef = 3F08B9DB262DA5CA0097FF1A /* DetailsRestarauntViewController.swift */; };
		3F08B9DF262DA5D90097FF1A /* DetailsRestarauntViewModel.swift in Sources */ = {isa = PBXBuildFile; fileRef = 3F08B9DE262DA5D90097FF1A /* DetailsRestarauntViewModel.swift */; };
		3F08B9E2262DA66E0097FF1A /* OrderProcessViewModel.swift in Sources */ = {isa = PBXBuildFile; fileRef = 3F08B9E1262DA66E0097FF1A /* OrderProcessViewModel.swift */; };
		3F08B9E6262DA6770097FF1A /* OrderProcessViewController.swift in Sources */ = {isa = PBXBuildFile; fileRef = 3F08B9E5262DA6770097FF1A /* OrderProcessViewController.swift */; };
		3F08B9F1262DB2100097FF1A /* ImageURL.swift in Sources */ = {isa = PBXBuildFile; fileRef = 3F08B9F0262DB2100097FF1A /* ImageURL.swift */; };
		3F08B9F7262DB6380097FF1A /* Place.swift in Sources */ = {isa = PBXBuildFile; fileRef = 3F08B9F6262DB6380097FF1A /* Place.swift */; };
		3F0A430E262EEAFF0001C12F /* ServiceAPI.swift in Sources */ = {isa = PBXBuildFile; fileRef = 3F0A430D262EEAFF0001C12F /* ServiceAPI.swift */; };
		3F0A4319262EF69F0001C12F /* Review.swift in Sources */ = {isa = PBXBuildFile; fileRef = 3F0A4318262EF69F0001C12F /* Review.swift */; };
		3F1E19C2263C4B9A00908DE3 /* EnumerationTimeView.swift in Sources */ = {isa = PBXBuildFile; fileRef = 3F1E19C1263C4B9A00908DE3 /* EnumerationTimeView.swift */; };
		3F1E19C5263C4BFE00908DE3 /* Time.swift in Sources */ = {isa = PBXBuildFile; fileRef = 3F1E19C4263C4BFE00908DE3 /* Time.swift */; };
		3F26126326396F2000B3250D /* SchedulePopUpView.swift in Sources */ = {isa = PBXBuildFile; fileRef = 3F26126226396F2000B3250D /* SchedulePopUpView.swift */; };
		3F26126E263992D100B3250D /* FoodItemsView.swift in Sources */ = {isa = PBXBuildFile; fileRef = 3F26126D263992D100B3250D /* FoodItemsView.swift */; };
		3F2612732639950500B3250D /* ProductView.swift in Sources */ = {isa = PBXBuildFile; fileRef = 3F2612722639950500B3250D /* ProductView.swift */; };
		3F261277263999AE00B3250D /* EnumerationItemsView.swift in Sources */ = {isa = PBXBuildFile; fileRef = 3F261276263999AE00B3250D /* EnumerationItemsView.swift */; };
		3F3F8F3E26285CD20027E48C /* HomeViewController.swift in Sources */ = {isa = PBXBuildFile; fileRef = 3F3F8F3D26285CD20027E48C /* HomeViewController.swift */; };
		3F3F8F4126285D770027E48C /* HomeViewModel.swift in Sources */ = {isa = PBXBuildFile; fileRef = 3F3F8F4026285D770027E48C /* HomeViewModel.swift */; };
		3F64AC46263FF85800862BAC /* LoadingView.swift in Sources */ = {isa = PBXBuildFile; fileRef = 3F64AC45263FF85800862BAC /* LoadingView.swift */; };
		3F64AC5226402D6F00862BAC /* ButtonModifier.swift in Sources */ = {isa = PBXBuildFile; fileRef = 3F64AC5126402D6F00862BAC /* ButtonModifier.swift */; };
		3F64AC5826402E3900862BAC /* DatePickerView.swift in Sources */ = {isa = PBXBuildFile; fileRef = 3F64AC5726402E3900862BAC /* DatePickerView.swift */; };
		3F68114726297E0B00095A7F /* OrdersViewController.swift in Sources */ = {isa = PBXBuildFile; fileRef = 3F68114626297E0B00095A7F /* OrdersViewController.swift */; };
		3F68114A26297E7800095A7F /* OrdersViewModel.swift in Sources */ = {isa = PBXBuildFile; fileRef = 3F68114926297E7800095A7F /* OrdersViewModel.swift */; };
		3F86BDAC2626D4C800CA4CD3 /* AppDelegate.swift in Sources */ = {isa = PBXBuildFile; fileRef = 3F86BDAB2626D4C800CA4CD3 /* AppDelegate.swift */; };
		3F86BDAE2626D4C800CA4CD3 /* SceneDelegate.swift in Sources */ = {isa = PBXBuildFile; fileRef = 3F86BDAD2626D4C800CA4CD3 /* SceneDelegate.swift */; };
		3F86BDB32626D4C800CA4CD3 /* Booking_Application.xcdatamodeld in Sources */ = {isa = PBXBuildFile; fileRef = 3F86BDB12626D4C800CA4CD3 /* Booking_Application.xcdatamodeld */; };
		3F86BDB52626D4D200CA4CD3 /* Assets.xcassets in Resources */ = {isa = PBXBuildFile; fileRef = 3F86BDB42626D4D200CA4CD3 /* Assets.xcassets */; };
		3F86BDB82626D4D200CA4CD3 /* Preview Assets.xcassets in Resources */ = {isa = PBXBuildFile; fileRef = 3F86BDB72626D4D200CA4CD3 /* Preview Assets.xcassets */; };
		3F86BDBB2626D4D200CA4CD3 /* LaunchScreen.storyboard in Resources */ = {isa = PBXBuildFile; fileRef = 3F86BDB92626D4D200CA4CD3 /* LaunchScreen.storyboard */; };
		3F86BDC52626D7F500CA4CD3 /* OrdersView.swift in Sources */ = {isa = PBXBuildFile; fileRef = 3F86BDC42626D7F500CA4CD3 /* OrdersView.swift */; };
		3F86BDCC2626D85200CA4CD3 /* BookingHistoryView.swift in Sources */ = {isa = PBXBuildFile; fileRef = 3F86BDCB2626D85200CA4CD3 /* BookingHistoryView.swift */; };
		3F86BDD22626D89A00CA4CD3 /* PlacesView.swift in Sources */ = {isa = PBXBuildFile; fileRef = 3F86BDD12626D89A00CA4CD3 /* PlacesView.swift */; };
		3F86BDD82626D8DB00CA4CD3 /* AllCategoriesView.swift in Sources */ = {isa = PBXBuildFile; fileRef = 3F86BDD72626D8DB00CA4CD3 /* AllCategoriesView.swift */; };
		3F86BDDD2626D91000CA4CD3 /* OrderProcessView.swift in Sources */ = {isa = PBXBuildFile; fileRef = 3F86BDDC2626D91000CA4CD3 /* OrderProcessView.swift */; };
		3F86BDE22626D93D00CA4CD3 /* DetailsRestarauntView.swift in Sources */ = {isa = PBXBuildFile; fileRef = 3F86BDE12626D93D00CA4CD3 /* DetailsRestarauntView.swift */; };
		3F86BDE72626D96300CA4CD3 /* MoreView.swift in Sources */ = {isa = PBXBuildFile; fileRef = 3F86BDE62626D96300CA4CD3 /* MoreView.swift */; };
		3F86BDED2626D98900CA4CD3 /* HomeView.swift in Sources */ = {isa = PBXBuildFile; fileRef = 3F86BDEC2626D98900CA4CD3 /* HomeView.swift */; };
		3F86BDF32626D9B000CA4CD3 /* LaunchView.swift in Sources */ = {isa = PBXBuildFile; fileRef = 3F86BDF22626D9B000CA4CD3 /* LaunchView.swift */; };
		3F86BDF92626D9D800CA4CD3 /* LoginView.swift in Sources */ = {isa = PBXBuildFile; fileRef = 3F86BDF82626D9D800CA4CD3 /* LoginView.swift */; };
		3F86BDFC2626D9F000CA4CD3 /* LoginViewModel.swift in Sources */ = {isa = PBXBuildFile; fileRef = 3F86BDFB2626D9F000CA4CD3 /* LoginViewModel.swift */; };
		3F86BE012626DA1900CA4CD3 /* RegistrationView.swift in Sources */ = {isa = PBXBuildFile; fileRef = 3F86BE002626DA1900CA4CD3 /* RegistrationView.swift */; };
		3F86BE052626DA2F00CA4CD3 /* RegistrationViewModel.swift in Sources */ = {isa = PBXBuildFile; fileRef = 3F86BE042626DA2F00CA4CD3 /* RegistrationViewModel.swift */; };
		3F86BE182626F77300CA4CD3 /* LoginViewController.swift in Sources */ = {isa = PBXBuildFile; fileRef = 3F86BE172626F77300CA4CD3 /* LoginViewController.swift */; };
		3F86BE1B2626F93600CA4CD3 /* RegistrationViewController.swift in Sources */ = {isa = PBXBuildFile; fileRef = 3F86BE1A2626F93600CA4CD3 /* RegistrationViewController.swift */; };
		3F8F0E90263817EE006404B5 /* StepperView.swift in Sources */ = {isa = PBXBuildFile; fileRef = 3F8F0E8F263817EE006404B5 /* StepperView.swift */; };
		3FA90C8E2632DEEE001D1BCE /* Schedule.swift in Sources */ = {isa = PBXBuildFile; fileRef = 3FA90C8D2632DEEE001D1BCE /* Schedule.swift */; };
		3FA90C932632E653001D1BCE /* PlaceCardView.swift in Sources */ = {isa = PBXBuildFile; fileRef = 3FA90C922632E653001D1BCE /* PlaceCardView.swift */; };
		3FA90C992632EA05001D1BCE /* CategoryView.swift in Sources */ = {isa = PBXBuildFile; fileRef = 3FA90C982632EA05001D1BCE /* CategoryView.swift */; };
		3FA90CA22632F0DE001D1BCE /* TextFieldView.swift in Sources */ = {isa = PBXBuildFile; fileRef = 3FA90CA12632F0DE001D1BCE /* TextFieldView.swift */; };
		3FA90CA82632F862001D1BCE /* FavouriteEmptyView.swift in Sources */ = {isa = PBXBuildFile; fileRef = 3FA90CA72632F862001D1BCE /* FavouriteEmptyView.swift */; };
		3FA90CAD2632F922001D1BCE /* SectionSeparatorView.swift in Sources */ = {isa = PBXBuildFile; fileRef = 3FA90CAC2632F922001D1BCE /* SectionSeparatorView.swift */; };
		3FA90CB22632FB97001D1BCE /* NavigationBarView.swift in Sources */ = {isa = PBXBuildFile; fileRef = 3FA90CB12632FB97001D1BCE /* NavigationBarView.swift */; };
		3FA90CB72632FFD0001D1BCE /* SearchBarView.swift in Sources */ = {isa = PBXBuildFile; fileRef = 3FA90CB62632FFD0001D1BCE /* SearchBarView.swift */; };
		3FB452AF264171C1001128A0 /* UIAlertController.swift in Sources */ = {isa = PBXBuildFile; fileRef = 3FB452AE264171C1001128A0 /* UIAlertController.swift */; };
		3FC3BB3D2639A97F00C74727 /* FoodItemsViewModel.swift in Sources */ = {isa = PBXBuildFile; fileRef = 3FC3BB3C2639A97F00C74727 /* FoodItemsViewModel.swift */; };
		3FC3BB402639A9AA00C74727 /* FoodItemsViewController.swift in Sources */ = {isa = PBXBuildFile; fileRef = 3FC3BB3F2639A9AA00C74727 /* FoodItemsViewController.swift */; };
		3FC3BB432639B40300C74727 /* Product.swift in Sources */ = {isa = PBXBuildFile; fileRef = 3FC3BB422639B40300C74727 /* Product.swift */; };
		3FC3BB472639B5E800C74727 /* ErrorPopUpView.swift in Sources */ = {isa = PBXBuildFile; fileRef = 3FC3BB462639B5E800C74727 /* ErrorPopUpView.swift */; };
		3FC3BB4C2639BF6600C74727 /* BookingHistoryViewModel.swift in Sources */ = {isa = PBXBuildFile; fileRef = 3FC3BB4B2639BF6600C74727 /* BookingHistoryViewModel.swift */; };
		3FC3BB4F2639BF7700C74727 /* BookingHistoryViewController.swift in Sources */ = {isa = PBXBuildFile; fileRef = 3FC3BB4E2639BF7700C74727 /* BookingHistoryViewController.swift */; };
		3FCE05962643F4C90097F23B /* FavouritesView.swift in Sources */ = {isa = PBXBuildFile; fileRef = 3FCE05952643F4C90097F23B /* FavouritesView.swift */; };
		3FCE059A2643F5FE0097F23B /* FavouritesViewModel.swift in Sources */ = {isa = PBXBuildFile; fileRef = 3FCE05992643F5FE0097F23B /* FavouritesViewModel.swift */; };
		3FCE059E2643F60A0097F23B /* FavouritesViewController.swift in Sources */ = {isa = PBXBuildFile; fileRef = 3FCE059D2643F60A0097F23B /* FavouritesViewController.swift */; };
		3FDE434D26318C0800699ECB /* Link.swift in Sources */ = {isa = PBXBuildFile; fileRef = 3FDE434C26318C0800699ECB /* Link.swift */; };
		3FDE435E2631C0CD00699ECB /* Order.swift in Sources */ = {isa = PBXBuildFile; fileRef = 3FDE435D2631C0CD00699ECB /* Order.swift */; };
		3FDE43642632C95300699ECB /* MapView.swift in Sources */ = {isa = PBXBuildFile; fileRef = 3FDE43632632C95300699ECB /* MapView.swift */; };
		3FDE436B2632D1FE00699ECB /* MapViewController.swift in Sources */ = {isa = PBXBuildFile; fileRef = 3FDE436A2632D1FE00699ECB /* MapViewController.swift */; };
		3FDE436F2632D20B00699ECB /* MapViewModel.swift in Sources */ = {isa = PBXBuildFile; fileRef = 3FDE436E2632D20B00699ECB /* MapViewModel.swift */; };
		3FF060782628641D00308556 /* Category.swift in Sources */ = {isa = PBXBuildFile; fileRef = 3FF060772628641D00308556 /* Category.swift */; };
		3FF0607D262867C600308556 /* User.swift in Sources */ = {isa = PBXBuildFile; fileRef = 3FF0607C262867C600308556 /* User.swift */; };
		3FF0608526286EC200308556 /* PlacesViewController.swift in Sources */ = {isa = PBXBuildFile; fileRef = 3FF0608426286EC200308556 /* PlacesViewController.swift */; };
		3FF0608826286ED100308556 /* PlacesViewModel.swift in Sources */ = {isa = PBXBuildFile; fileRef = 3FF0608726286ED100308556 /* PlacesViewModel.swift */; };
		3FF0608D26287A6A00308556 /* AllCategoriesViewModel.swift in Sources */ = {isa = PBXBuildFile; fileRef = 3FF0608C26287A6A00308556 /* AllCategoriesViewModel.swift */; };
		3FF0609126287A7700308556 /* AllCategoriesViewController.swift in Sources */ = {isa = PBXBuildFile; fileRef = 3FF0609026287A7700308556 /* AllCategoriesViewController.swift */; };
		3FF0609F2628894700308556 /* MoreViewController.swift in Sources */ = {isa = PBXBuildFile; fileRef = 3FF0609E2628894700308556 /* MoreViewController.swift */; };
		3FF060A2262889B200308556 /* MoreViewModel.swift in Sources */ = {isa = PBXBuildFile; fileRef = 3FF060A1262889B200308556 /* MoreViewModel.swift */; };
/* End PBXBuildFile section */

/* Begin PBXFileReference section */
		3F08B9DB262DA5CA0097FF1A /* DetailsRestarauntViewController.swift */ = {isa = PBXFileReference; lastKnownFileType = sourcecode.swift; path = DetailsRestarauntViewController.swift; sourceTree = "<group>"; };
		3F08B9DE262DA5D90097FF1A /* DetailsRestarauntViewModel.swift */ = {isa = PBXFileReference; lastKnownFileType = sourcecode.swift; path = DetailsRestarauntViewModel.swift; sourceTree = "<group>"; };
		3F08B9E1262DA66E0097FF1A /* OrderProcessViewModel.swift */ = {isa = PBXFileReference; lastKnownFileType = sourcecode.swift; path = OrderProcessViewModel.swift; sourceTree = "<group>"; };
		3F08B9E5262DA6770097FF1A /* OrderProcessViewController.swift */ = {isa = PBXFileReference; lastKnownFileType = sourcecode.swift; path = OrderProcessViewController.swift; sourceTree = "<group>"; };
		3F08B9F0262DB2100097FF1A /* ImageURL.swift */ = {isa = PBXFileReference; lastKnownFileType = sourcecode.swift; path = ImageURL.swift; sourceTree = "<group>"; };
		3F08B9F6262DB6380097FF1A /* Place.swift */ = {isa = PBXFileReference; lastKnownFileType = sourcecode.swift; path = Place.swift; sourceTree = "<group>"; };
		3F0A430D262EEAFF0001C12F /* ServiceAPI.swift */ = {isa = PBXFileReference; lastKnownFileType = sourcecode.swift; path = ServiceAPI.swift; sourceTree = "<group>"; };
		3F0A4318262EF69F0001C12F /* Review.swift */ = {isa = PBXFileReference; lastKnownFileType = sourcecode.swift; path = Review.swift; sourceTree = "<group>"; };
		3F1E19C1263C4B9A00908DE3 /* EnumerationTimeView.swift */ = {isa = PBXFileReference; lastKnownFileType = sourcecode.swift; path = EnumerationTimeView.swift; sourceTree = "<group>"; };
		3F1E19C4263C4BFE00908DE3 /* Time.swift */ = {isa = PBXFileReference; lastKnownFileType = sourcecode.swift; path = Time.swift; sourceTree = "<group>"; };
		3F26126226396F2000B3250D /* SchedulePopUpView.swift */ = {isa = PBXFileReference; lastKnownFileType = sourcecode.swift; path = SchedulePopUpView.swift; sourceTree = "<group>"; };
		3F26126D263992D100B3250D /* FoodItemsView.swift */ = {isa = PBXFileReference; lastKnownFileType = sourcecode.swift; path = FoodItemsView.swift; sourceTree = "<group>"; };
		3F2612722639950500B3250D /* ProductView.swift */ = {isa = PBXFileReference; lastKnownFileType = sourcecode.swift; path = ProductView.swift; sourceTree = "<group>"; };
		3F261276263999AE00B3250D /* EnumerationItemsView.swift */ = {isa = PBXFileReference; lastKnownFileType = sourcecode.swift; path = EnumerationItemsView.swift; sourceTree = "<group>"; };
		3F3F8F3D26285CD20027E48C /* HomeViewController.swift */ = {isa = PBXFileReference; lastKnownFileType = sourcecode.swift; path = HomeViewController.swift; sourceTree = "<group>"; };
		3F3F8F4026285D770027E48C /* HomeViewModel.swift */ = {isa = PBXFileReference; lastKnownFileType = sourcecode.swift; path = HomeViewModel.swift; sourceTree = "<group>"; };
		3F64AC45263FF85800862BAC /* LoadingView.swift */ = {isa = PBXFileReference; lastKnownFileType = sourcecode.swift; path = LoadingView.swift; sourceTree = "<group>"; };
		3F64AC5126402D6F00862BAC /* ButtonModifier.swift */ = {isa = PBXFileReference; lastKnownFileType = sourcecode.swift; path = ButtonModifier.swift; sourceTree = "<group>"; };
		3F64AC5726402E3900862BAC /* DatePickerView.swift */ = {isa = PBXFileReference; lastKnownFileType = sourcecode.swift; path = DatePickerView.swift; sourceTree = "<group>"; };
		3F68114626297E0B00095A7F /* OrdersViewController.swift */ = {isa = PBXFileReference; lastKnownFileType = sourcecode.swift; path = OrdersViewController.swift; sourceTree = "<group>"; };
		3F68114926297E7800095A7F /* OrdersViewModel.swift */ = {isa = PBXFileReference; lastKnownFileType = sourcecode.swift; path = OrdersViewModel.swift; sourceTree = "<group>"; };
		3F86BDA82626D4C800CA4CD3 /* Booking Application.app */ = {isa = PBXFileReference; explicitFileType = wrapper.application; includeInIndex = 0; path = "Booking Application.app"; sourceTree = BUILT_PRODUCTS_DIR; };
		3F86BDAB2626D4C800CA4CD3 /* AppDelegate.swift */ = {isa = PBXFileReference; lastKnownFileType = sourcecode.swift; path = AppDelegate.swift; sourceTree = "<group>"; };
		3F86BDAD2626D4C800CA4CD3 /* SceneDelegate.swift */ = {isa = PBXFileReference; lastKnownFileType = sourcecode.swift; path = SceneDelegate.swift; sourceTree = "<group>"; };
		3F86BDB22626D4C800CA4CD3 /* Booking_Application.xcdatamodel */ = {isa = PBXFileReference; lastKnownFileType = wrapper.xcdatamodel; path = Booking_Application.xcdatamodel; sourceTree = "<group>"; };
		3F86BDB42626D4D200CA4CD3 /* Assets.xcassets */ = {isa = PBXFileReference; lastKnownFileType = folder.assetcatalog; path = Assets.xcassets; sourceTree = "<group>"; };
		3F86BDB72626D4D200CA4CD3 /* Preview Assets.xcassets */ = {isa = PBXFileReference; lastKnownFileType = folder.assetcatalog; path = "Preview Assets.xcassets"; sourceTree = "<group>"; };
		3F86BDBA2626D4D200CA4CD3 /* Base */ = {isa = PBXFileReference; lastKnownFileType = file.storyboard; name = Base; path = Base.lproj/LaunchScreen.storyboard; sourceTree = "<group>"; };
		3F86BDBC2626D4D200CA4CD3 /* Info.plist */ = {isa = PBXFileReference; lastKnownFileType = text.plist.xml; path = Info.plist; sourceTree = "<group>"; };
		3F86BDC42626D7F500CA4CD3 /* OrdersView.swift */ = {isa = PBXFileReference; lastKnownFileType = sourcecode.swift; path = OrdersView.swift; sourceTree = "<group>"; };
		3F86BDCB2626D85200CA4CD3 /* BookingHistoryView.swift */ = {isa = PBXFileReference; lastKnownFileType = sourcecode.swift; path = BookingHistoryView.swift; sourceTree = "<group>"; };
		3F86BDD12626D89A00CA4CD3 /* PlacesView.swift */ = {isa = PBXFileReference; lastKnownFileType = sourcecode.swift; path = PlacesView.swift; sourceTree = "<group>"; };
		3F86BDD72626D8DB00CA4CD3 /* AllCategoriesView.swift */ = {isa = PBXFileReference; lastKnownFileType = sourcecode.swift; path = AllCategoriesView.swift; sourceTree = "<group>"; };
		3F86BDDC2626D91000CA4CD3 /* OrderProcessView.swift */ = {isa = PBXFileReference; lastKnownFileType = sourcecode.swift; path = OrderProcessView.swift; sourceTree = "<group>"; };
		3F86BDE12626D93D00CA4CD3 /* DetailsRestarauntView.swift */ = {isa = PBXFileReference; lastKnownFileType = sourcecode.swift; path = DetailsRestarauntView.swift; sourceTree = "<group>"; };
		3F86BDE62626D96300CA4CD3 /* MoreView.swift */ = {isa = PBXFileReference; lastKnownFileType = sourcecode.swift; path = MoreView.swift; sourceTree = "<group>"; };
		3F86BDEC2626D98900CA4CD3 /* HomeView.swift */ = {isa = PBXFileReference; lastKnownFileType = sourcecode.swift; path = HomeView.swift; sourceTree = "<group>"; };
		3F86BDF22626D9B000CA4CD3 /* LaunchView.swift */ = {isa = PBXFileReference; lastKnownFileType = sourcecode.swift; path = LaunchView.swift; sourceTree = "<group>"; };
		3F86BDF82626D9D800CA4CD3 /* LoginView.swift */ = {isa = PBXFileReference; lastKnownFileType = sourcecode.swift; path = LoginView.swift; sourceTree = "<group>"; };
		3F86BDFB2626D9F000CA4CD3 /* LoginViewModel.swift */ = {isa = PBXFileReference; lastKnownFileType = sourcecode.swift; path = LoginViewModel.swift; sourceTree = "<group>"; };
		3F86BE002626DA1900CA4CD3 /* RegistrationView.swift */ = {isa = PBXFileReference; lastKnownFileType = sourcecode.swift; path = RegistrationView.swift; sourceTree = "<group>"; };
		3F86BE042626DA2F00CA4CD3 /* RegistrationViewModel.swift */ = {isa = PBXFileReference; lastKnownFileType = sourcecode.swift; path = RegistrationViewModel.swift; sourceTree = "<group>"; };
		3F86BE172626F77300CA4CD3 /* LoginViewController.swift */ = {isa = PBXFileReference; lastKnownFileType = sourcecode.swift; path = LoginViewController.swift; sourceTree = "<group>"; };
		3F86BE1A2626F93600CA4CD3 /* RegistrationViewController.swift */ = {isa = PBXFileReference; lastKnownFileType = sourcecode.swift; path = RegistrationViewController.swift; sourceTree = "<group>"; };
		3F8F0E8F263817EE006404B5 /* StepperView.swift */ = {isa = PBXFileReference; lastKnownFileType = sourcecode.swift; path = StepperView.swift; sourceTree = "<group>"; };
		3FA90C8D2632DEEE001D1BCE /* Schedule.swift */ = {isa = PBXFileReference; lastKnownFileType = sourcecode.swift; path = Schedule.swift; sourceTree = "<group>"; };
		3FA90C922632E653001D1BCE /* PlaceCardView.swift */ = {isa = PBXFileReference; lastKnownFileType = sourcecode.swift; path = PlaceCardView.swift; sourceTree = "<group>"; };
		3FA90C982632EA05001D1BCE /* CategoryView.swift */ = {isa = PBXFileReference; lastKnownFileType = sourcecode.swift; path = CategoryView.swift; sourceTree = "<group>"; };
		3FA90CA12632F0DE001D1BCE /* TextFieldView.swift */ = {isa = PBXFileReference; lastKnownFileType = sourcecode.swift; path = TextFieldView.swift; sourceTree = "<group>"; };
		3FA90CA72632F862001D1BCE /* FavouriteEmptyView.swift */ = {isa = PBXFileReference; lastKnownFileType = sourcecode.swift; path = FavouriteEmptyView.swift; sourceTree = "<group>"; };
		3FA90CAC2632F922001D1BCE /* SectionSeparatorView.swift */ = {isa = PBXFileReference; lastKnownFileType = sourcecode.swift; path = SectionSeparatorView.swift; sourceTree = "<group>"; };
		3FA90CB12632FB97001D1BCE /* NavigationBarView.swift */ = {isa = PBXFileReference; lastKnownFileType = sourcecode.swift; path = NavigationBarView.swift; sourceTree = "<group>"; };
		3FA90CB62632FFD0001D1BCE /* SearchBarView.swift */ = {isa = PBXFileReference; lastKnownFileType = sourcecode.swift; path = SearchBarView.swift; sourceTree = "<group>"; };
		3FB452AE264171C1001128A0 /* UIAlertController.swift */ = {isa = PBXFileReference; lastKnownFileType = sourcecode.swift; path = UIAlertController.swift; sourceTree = "<group>"; };
		3FC3BB3C2639A97F00C74727 /* FoodItemsViewModel.swift */ = {isa = PBXFileReference; lastKnownFileType = sourcecode.swift; path = FoodItemsViewModel.swift; sourceTree = "<group>"; };
		3FC3BB3F2639A9AA00C74727 /* FoodItemsViewController.swift */ = {isa = PBXFileReference; lastKnownFileType = sourcecode.swift; path = FoodItemsViewController.swift; sourceTree = "<group>"; };
		3FC3BB422639B40300C74727 /* Product.swift */ = {isa = PBXFileReference; lastKnownFileType = sourcecode.swift; path = Product.swift; sourceTree = "<group>"; };
		3FC3BB462639B5E800C74727 /* ErrorPopUpView.swift */ = {isa = PBXFileReference; lastKnownFileType = sourcecode.swift; path = ErrorPopUpView.swift; sourceTree = "<group>"; };
		3FC3BB4B2639BF6600C74727 /* BookingHistoryViewModel.swift */ = {isa = PBXFileReference; lastKnownFileType = sourcecode.swift; path = BookingHistoryViewModel.swift; sourceTree = "<group>"; };
		3FC3BB4E2639BF7700C74727 /* BookingHistoryViewController.swift */ = {isa = PBXFileReference; lastKnownFileType = sourcecode.swift; path = BookingHistoryViewController.swift; sourceTree = "<group>"; };
		3FCE05952643F4C90097F23B /* FavouritesView.swift */ = {isa = PBXFileReference; lastKnownFileType = sourcecode.swift; path = FavouritesView.swift; sourceTree = "<group>"; };
		3FCE05992643F5FE0097F23B /* FavouritesViewModel.swift */ = {isa = PBXFileReference; lastKnownFileType = sourcecode.swift; path = FavouritesViewModel.swift; sourceTree = "<group>"; };
		3FCE059D2643F60A0097F23B /* FavouritesViewController.swift */ = {isa = PBXFileReference; lastKnownFileType = sourcecode.swift; path = FavouritesViewController.swift; sourceTree = "<group>"; };
		3FDE434C26318C0800699ECB /* Link.swift */ = {isa = PBXFileReference; lastKnownFileType = sourcecode.swift; path = Link.swift; sourceTree = "<group>"; };
		3FDE435D2631C0CD00699ECB /* Order.swift */ = {isa = PBXFileReference; lastKnownFileType = sourcecode.swift; path = Order.swift; sourceTree = "<group>"; };
		3FDE43632632C95300699ECB /* MapView.swift */ = {isa = PBXFileReference; lastKnownFileType = sourcecode.swift; path = MapView.swift; sourceTree = "<group>"; };
		3FDE436A2632D1FE00699ECB /* MapViewController.swift */ = {isa = PBXFileReference; lastKnownFileType = sourcecode.swift; path = MapViewController.swift; sourceTree = "<group>"; };
		3FDE436E2632D20B00699ECB /* MapViewModel.swift */ = {isa = PBXFileReference; lastKnownFileType = sourcecode.swift; path = MapViewModel.swift; sourceTree = "<group>"; };
		3FF060772628641D00308556 /* Category.swift */ = {isa = PBXFileReference; lastKnownFileType = sourcecode.swift; path = Category.swift; sourceTree = "<group>"; };
		3FF0607C262867C600308556 /* User.swift */ = {isa = PBXFileReference; lastKnownFileType = sourcecode.swift; path = User.swift; sourceTree = "<group>"; };
		3FF0608426286EC200308556 /* PlacesViewController.swift */ = {isa = PBXFileReference; lastKnownFileType = sourcecode.swift; path = PlacesViewController.swift; sourceTree = "<group>"; };
		3FF0608726286ED100308556 /* PlacesViewModel.swift */ = {isa = PBXFileReference; lastKnownFileType = sourcecode.swift; path = PlacesViewModel.swift; sourceTree = "<group>"; };
		3FF0608C26287A6A00308556 /* AllCategoriesViewModel.swift */ = {isa = PBXFileReference; lastKnownFileType = sourcecode.swift; path = AllCategoriesViewModel.swift; sourceTree = "<group>"; };
		3FF0609026287A7700308556 /* AllCategoriesViewController.swift */ = {isa = PBXFileReference; lastKnownFileType = sourcecode.swift; path = AllCategoriesViewController.swift; sourceTree = "<group>"; };
		3FF0609E2628894700308556 /* MoreViewController.swift */ = {isa = PBXFileReference; lastKnownFileType = sourcecode.swift; path = MoreViewController.swift; sourceTree = "<group>"; };
		3FF060A1262889B200308556 /* MoreViewModel.swift */ = {isa = PBXFileReference; lastKnownFileType = sourcecode.swift; path = MoreViewModel.swift; sourceTree = "<group>"; };
/* End PBXFileReference section */

/* Begin PBXFrameworksBuildPhase section */
		3F86BDA52626D4C800CA4CD3 /* Frameworks */ = {
			isa = PBXFrameworksBuildPhase;
			buildActionMask = 2147483647;
			files = (
			);
			runOnlyForDeploymentPostprocessing = 0;
		};
/* End PBXFrameworksBuildPhase section */

/* Begin PBXGroup section */
		3F1E19C0263C4B7500908DE3 /* Enumeration Time View */ = {
			isa = PBXGroup;
			children = (
				3F1E19C1263C4B9A00908DE3 /* EnumerationTimeView.swift */,
			);
			path = "Enumeration Time View";
			sourceTree = "<group>";
		};
		3F26126126396F0B00B3250D /* Schedule PopUp View */ = {
			isa = PBXGroup;
			children = (
				3F26126226396F2000B3250D /* SchedulePopUpView.swift */,
			);
			path = "Schedule PopUp View";
			sourceTree = "<group>";
		};
		3F26126C263992A600B3250D /* Food Items Screen */ = {
			isa = PBXGroup;
			children = (
				3F26126D263992D100B3250D /* FoodItemsView.swift */,
				3FC3BB3C2639A97F00C74727 /* FoodItemsViewModel.swift */,
				3FC3BB3F2639A9AA00C74727 /* FoodItemsViewController.swift */,
			);
			path = "Food Items Screen";
			sourceTree = "<group>";
		};
		3F261271263994DE00B3250D /* Product View */ = {
			isa = PBXGroup;
			children = (
				3F2612722639950500B3250D /* ProductView.swift */,
			);
			path = "Product View";
			sourceTree = "<group>";
		};
		3F2612752639994800B3250D /* Enumeration Categories View */ = {
			isa = PBXGroup;
			children = (
				3F261276263999AE00B3250D /* EnumerationItemsView.swift */,
			);
			path = "Enumeration Categories View";
			sourceTree = "<group>";
		};
		3F64AC44263FF83A00862BAC /* Loading View */ = {
			isa = PBXGroup;
			children = (
				3F64AC45263FF85800862BAC /* LoadingView.swift */,
			);
			path = "Loading View";
			sourceTree = "<group>";
		};
		3F64AC5026402D5300862BAC /* Modifiers */ = {
			isa = PBXGroup;
			children = (
				3F64AC5126402D6F00862BAC /* ButtonModifier.swift */,
			);
			path = Modifiers;
			sourceTree = "<group>";
		};
		3F64AC5626402E2100862BAC /* Date Picker PopUp View */ = {
			isa = PBXGroup;
			children = (
				3F64AC5726402E3900862BAC /* DatePickerView.swift */,
			);
			path = "Date Picker PopUp View";
			sourceTree = "<group>";
		};
		3F86BD9F2626D4C800CA4CD3 = {
			isa = PBXGroup;
			children = (
				3F86BDAA2626D4C800CA4CD3 /* Booking Application */,
				3F86BDA92626D4C800CA4CD3 /* Products */,
			);
			sourceTree = "<group>";
		};
		3F86BDA92626D4C800CA4CD3 /* Products */ = {
			isa = PBXGroup;
			children = (
				3F86BDA82626D4C800CA4CD3 /* Booking Application.app */,
			);
			name = Products;
			sourceTree = "<group>";
		};
		3F86BDAA2626D4C800CA4CD3 /* Booking Application */ = {
			isa = PBXGroup;
			children = (
				3FF060762628640A00308556 /* Model */,
				3FA90CA52632F70B001D1BCE /* Screens */,
				3FDE435526319F6D00699ECB /* Services */,
				3FDE43692632D1DE00699ECB /* Custom Views */,
				3F86BDAD2626D4C800CA4CD3 /* SceneDelegate.swift */,
				3F86BDAB2626D4C800CA4CD3 /* AppDelegate.swift */,
				3F86BDB42626D4D200CA4CD3 /* Assets.xcassets */,
				3F86BDB92626D4D200CA4CD3 /* LaunchScreen.storyboard */,
				3F86BDBC2626D4D200CA4CD3 /* Info.plist */,
				3F86BDB12626D4C800CA4CD3 /* Booking_Application.xcdatamodeld */,
				3F86BDB62626D4D200CA4CD3 /* Preview Content */,
			);
			path = "Booking Application";
			sourceTree = "<group>";
		};
		3F86BDB62626D4D200CA4CD3 /* Preview Content */ = {
			isa = PBXGroup;
			children = (
				3F86BDB72626D4D200CA4CD3 /* Preview Assets.xcassets */,
			);
			path = "Preview Content";
			sourceTree = "<group>";
		};
		3F86BDC72626D7FA00CA4CD3 /* Orders Screen */ = {
			isa = PBXGroup;
			children = (
				3F86BDC42626D7F500CA4CD3 /* OrdersView.swift */,
				3F68114926297E7800095A7F /* OrdersViewModel.swift */,
				3F68114626297E0B00095A7F /* OrdersViewController.swift */,
			);
			path = "Orders Screen";
			sourceTree = "<group>";
		};
		3F86BDCA2626D83800CA4CD3 /* History Screen */ = {
			isa = PBXGroup;
			children = (
				3F86BDCB2626D85200CA4CD3 /* BookingHistoryView.swift */,
				3FC3BB4B2639BF6600C74727 /* BookingHistoryViewModel.swift */,
				3FC3BB4E2639BF7700C74727 /* BookingHistoryViewController.swift */,
			);
			path = "History Screen";
			sourceTree = "<group>";
		};
		3F86BDD02626D88000CA4CD3 /* Places Screen */ = {
			isa = PBXGroup;
			children = (
				3F86BDD12626D89A00CA4CD3 /* PlacesView.swift */,
				3FF0608726286ED100308556 /* PlacesViewModel.swift */,
				3FF0608426286EC200308556 /* PlacesViewController.swift */,
			);
			path = "Places Screen";
			sourceTree = "<group>";
		};
		3F86BDD62626D8CA00CA4CD3 /* Categories Screen */ = {
			isa = PBXGroup;
			children = (
				3F86BDD72626D8DB00CA4CD3 /* AllCategoriesView.swift */,
				3FF0608C26287A6A00308556 /* AllCategoriesViewModel.swift */,
				3FF0609026287A7700308556 /* AllCategoriesViewController.swift */,
			);
			path = "Categories Screen";
			sourceTree = "<group>";
		};
		3F86BDDB2626D90000CA4CD3 /* Order Process Screen + */ = {
			isa = PBXGroup;
			children = (
				3F86BDDC2626D91000CA4CD3 /* OrderProcessView.swift */,
				3F08B9E1262DA66E0097FF1A /* OrderProcessViewModel.swift */,
				3F08B9E5262DA6770097FF1A /* OrderProcessViewController.swift */,
			);
			path = "Order Process Screen +";
			sourceTree = "<group>";
		};
		3F86BDE02626D92B00CA4CD3 /* Place Details Screen */ = {
			isa = PBXGroup;
			children = (
				3F86BDE12626D93D00CA4CD3 /* DetailsRestarauntView.swift */,
				3F08B9DE262DA5D90097FF1A /* DetailsRestarauntViewModel.swift */,
				3F08B9DB262DA5CA0097FF1A /* DetailsRestarauntViewController.swift */,
			);
			path = "Place Details Screen";
			sourceTree = "<group>";
		};
		3F86BDE52626D95300CA4CD3 /* More Screen */ = {
			isa = PBXGroup;
			children = (
				3F86BDE62626D96300CA4CD3 /* MoreView.swift */,
				3FF060A1262889B200308556 /* MoreViewModel.swift */,
				3FF0609E2628894700308556 /* MoreViewController.swift */,
			);
			path = "More Screen";
			sourceTree = "<group>";
		};
		3F86BDEB2626D97800CA4CD3 /* Home Screen */ = {
			isa = PBXGroup;
			children = (
				3F86BDEC2626D98900CA4CD3 /* HomeView.swift */,
				3F3F8F4026285D770027E48C /* HomeViewModel.swift */,
				3F3F8F3D26285CD20027E48C /* HomeViewController.swift */,
			);
			path = "Home Screen";
			sourceTree = "<group>";
		};
		3F86BDF12626D9A100CA4CD3 /* Launch View */ = {
			isa = PBXGroup;
			children = (
				3F86BDF22626D9B000CA4CD3 /* LaunchView.swift */,
			);
			path = "Launch View";
			sourceTree = "<group>";
		};
		3F86BDF72626D9C600CA4CD3 /* Login Screen */ = {
			isa = PBXGroup;
			children = (
				3F86BDF82626D9D800CA4CD3 /* LoginView.swift */,
				3F86BDFB2626D9F000CA4CD3 /* LoginViewModel.swift */,
				3F86BE172626F77300CA4CD3 /* LoginViewController.swift */,
			);
			path = "Login Screen";
			sourceTree = "<group>";
		};
		3F86BDFF2626DA0C00CA4CD3 /* Registration  Screen */ = {
			isa = PBXGroup;
			children = (
				3F86BE002626DA1900CA4CD3 /* RegistrationView.swift */,
				3F86BE042626DA2F00CA4CD3 /* RegistrationViewModel.swift */,
				3F86BE1A2626F93600CA4CD3 /* RegistrationViewController.swift */,
			);
			path = "Registration  Screen";
			sourceTree = "<group>";
		};
		3F8F0E9226381805006404B5 /* Stepper View */ = {
			isa = PBXGroup;
			children = (
				3F8F0E8F263817EE006404B5 /* StepperView.swift */,
			);
			path = "Stepper View";
			sourceTree = "<group>";
		};
		3FA90C912632E606001D1BCE /* Place Card View */ = {
			isa = PBXGroup;
			children = (
				3FA90C922632E653001D1BCE /* PlaceCardView.swift */,
			);
			path = "Place Card View";
			sourceTree = "<group>";
		};
		3FA90C972632E9F3001D1BCE /* Category View */ = {
			isa = PBXGroup;
			children = (
				3FA90C982632EA05001D1BCE /* CategoryView.swift */,
			);
			path = "Category View";
			sourceTree = "<group>";
		};
		3FA90CA02632F0B5001D1BCE /* Text Field View */ = {
			isa = PBXGroup;
			children = (
				3FA90CA12632F0DE001D1BCE /* TextFieldView.swift */,
			);
			path = "Text Field View";
			sourceTree = "<group>";
		};
		3FA90CA52632F70B001D1BCE /* Screens */ = {
			isa = PBXGroup;
			children = (
				3FDE43712632D20F00699ECB /* Map Screen */,
				3F86BDE52626D95300CA4CD3 /* More Screen */,
				3FCE05942643F4920097F23B /* Favourites Screen */,
				3F86BDC72626D7FA00CA4CD3 /* Orders Screen */,
				3F86BDD02626D88000CA4CD3 /* Places Screen */,
				3F86BDCA2626D83800CA4CD3 /* History Screen */,
				3F26126C263992A600B3250D /* Food Items Screen */,
				3F86BDD62626D8CA00CA4CD3 /* Categories Screen */,
				3F86BDDB2626D90000CA4CD3 /* Order Process Screen + */,
				3F86BDE02626D92B00CA4CD3 /* Place Details Screen */,
				3F86BDF72626D9C600CA4CD3 /* Login Screen */,
				3F86BDEB2626D97800CA4CD3 /* Home Screen */,
				3F86BDFF2626DA0C00CA4CD3 /* Registration  Screen */,
			);
			path = Screens;
			sourceTree = "<group>";
		};
		3FA90CA62632F853001D1BCE /* Favourite Empty View */ = {
			isa = PBXGroup;
			children = (
				3FA90CA72632F862001D1BCE /* FavouriteEmptyView.swift */,
			);
			path = "Favourite Empty View";
			sourceTree = "<group>";
		};
		3FA90CAB2632F902001D1BCE /* Section Separator View */ = {
			isa = PBXGroup;
			children = (
				3FA90CAC2632F922001D1BCE /* SectionSeparatorView.swift */,
			);
			path = "Section Separator View";
			sourceTree = "<group>";
		};
		3FA90CB02632FB62001D1BCE /* Navigation Bar View */ = {
			isa = PBXGroup;
			children = (
				3FA90CB12632FB97001D1BCE /* NavigationBarView.swift */,
			);
			path = "Navigation Bar View";
			sourceTree = "<group>";
		};
		3FA90CB52632FFAF001D1BCE /* Search Bar View */ = {
			isa = PBXGroup;
			children = (
				3FA90CB62632FFD0001D1BCE /* SearchBarView.swift */,
			);
			path = "Search Bar View";
			sourceTree = "<group>";
		};
		3FB452AD264171AD001128A0 /* Extensions */ = {
			isa = PBXGroup;
			children = (
				3FB452AE264171C1001128A0 /* UIAlertController.swift */,
			);
			path = Extensions;
			sourceTree = "<group>";
		};
		3FC3BB452639B5C400C74727 /* Error PopUp View */ = {
			isa = PBXGroup;
			children = (
				3FC3BB462639B5E800C74727 /* ErrorPopUpView.swift */,
			);
			path = "Error PopUp View";
			sourceTree = "<group>";
		};
		3FCE05942643F4920097F23B /* Favourites Screen */ = {
			isa = PBXGroup;
			children = (
				3FCE05952643F4C90097F23B /* FavouritesView.swift */,
				3FCE05992643F5FE0097F23B /* FavouritesViewModel.swift */,
				3FCE059D2643F60A0097F23B /* FavouritesViewController.swift */,
			);
			path = "Favourites Screen";
			sourceTree = "<group>";
		};
		3FDE435526319F6D00699ECB /* Services */ = {
			isa = PBXGroup;
			children = (
				3F08B9F0262DB2100097FF1A /* ImageURL.swift */,
				3F0A430D262EEAFF0001C12F /* ServiceAPI.swift */,
			);
			path = Services;
			sourceTree = "<group>";
		};
		3FDE43692632D1DE00699ECB /* Custom Views */ = {
			isa = PBXGroup;
			children = (
				3FB452AD264171AD001128A0 /* Extensions */,
				3F64AC5626402E2100862BAC /* Date Picker PopUp View */,
				3F64AC5026402D5300862BAC /* Modifiers */,
				3F64AC44263FF83A00862BAC /* Loading View */,
				3F1E19C0263C4B7500908DE3 /* Enumeration Time View */,
				3FC3BB452639B5C400C74727 /* Error PopUp View */,
				3F86BDF12626D9A100CA4CD3 /* Launch View */,
				3F261271263994DE00B3250D /* Product View */,
				3F8F0E9226381805006404B5 /* Stepper View */,
				3FA90C972632E9F3001D1BCE /* Category View */,
				3FA90CA02632F0B5001D1BCE /* Text Field View */,
				3FA90C912632E606001D1BCE /* Place Card View */,
				3FA90CB52632FFAF001D1BCE /* Search Bar View */,
				3FA90CB02632FB62001D1BCE /* Navigation Bar View */,
				3FA90CA62632F853001D1BCE /* Favourite Empty View */,
				3F26126126396F0B00B3250D /* Schedule PopUp View */,
				3FA90CAB2632F902001D1BCE /* Section Separator View */,
				3F2612752639994800B3250D /* Enumeration Categories View */,
			);
			path = "Custom Views";
			sourceTree = "<group>";
		};
		3FDE43712632D20F00699ECB /* Map Screen */ = {
			isa = PBXGroup;
			children = (
				3FDE43632632C95300699ECB /* MapView.swift */,
				3FDE436E2632D20B00699ECB /* MapViewModel.swift */,
				3FDE436A2632D1FE00699ECB /* MapViewController.swift */,
			);
			path = "Map Screen";
			sourceTree = "<group>";
		};
		3FF060762628640A00308556 /* Model */ = {
			isa = PBXGroup;
			children = (
				3FDE434C26318C0800699ECB /* Link.swift */,
				3FF0607C262867C600308556 /* User.swift */,
				3F1E19C4263C4BFE00908DE3 /* Time.swift */,
				3F08B9F6262DB6380097FF1A /* Place.swift */,
				3FDE435D2631C0CD00699ECB /* Order.swift */,
				3F0A4318262EF69F0001C12F /* Review.swift */,
				3FC3BB422639B40300C74727 /* Product.swift */,
				3FF060772628641D00308556 /* Category.swift */,
				3FA90C8D2632DEEE001D1BCE /* Schedule.swift */,
			);
			path = Model;
			sourceTree = "<group>";
		};
/* End PBXGroup section */

/* Begin PBXNativeTarget section */
		3F86BDA72626D4C800CA4CD3 /* Booking Application */ = {
			isa = PBXNativeTarget;
			buildConfigurationList = 3F86BDBF2626D4D200CA4CD3 /* Build configuration list for PBXNativeTarget "Booking Application" */;
			buildPhases = (
				3F86BDA42626D4C800CA4CD3 /* Sources */,
				3F86BDA52626D4C800CA4CD3 /* Frameworks */,
				3F86BDA62626D4C800CA4CD3 /* Resources */,
			);
			buildRules = (
			);
			dependencies = (
			);
			name = "Booking Application";
			productName = "Booking Application";
			productReference = 3F86BDA82626D4C800CA4CD3 /* Booking Application.app */;
			productType = "com.apple.product-type.application";
		};
/* End PBXNativeTarget section */

/* Begin PBXProject section */
		3F86BDA02626D4C800CA4CD3 /* Project object */ = {
			isa = PBXProject;
			attributes = {
				LastSwiftUpdateCheck = 1240;
				LastUpgradeCheck = 1240;
				TargetAttributes = {
					3F86BDA72626D4C800CA4CD3 = {
						CreatedOnToolsVersion = 12.4;
					};
				};
			};
			buildConfigurationList = 3F86BDA32626D4C800CA4CD3 /* Build configuration list for PBXProject "Booking Application" */;
			compatibilityVersion = "Xcode 9.3";
			developmentRegion = en;
			hasScannedForEncodings = 0;
			knownRegions = (
				en,
				Base,
			);
			mainGroup = 3F86BD9F2626D4C800CA4CD3;
			productRefGroup = 3F86BDA92626D4C800CA4CD3 /* Products */;
			projectDirPath = "";
			projectRoot = "";
			targets = (
				3F86BDA72626D4C800CA4CD3 /* Booking Application */,
			);
		};
/* End PBXProject section */

/* Begin PBXResourcesBuildPhase section */
		3F86BDA62626D4C800CA4CD3 /* Resources */ = {
			isa = PBXResourcesBuildPhase;
			buildActionMask = 2147483647;
			files = (
				3F86BDBB2626D4D200CA4CD3 /* LaunchScreen.storyboard in Resources */,
				3F86BDB82626D4D200CA4CD3 /* Preview Assets.xcassets in Resources */,
				3F86BDB52626D4D200CA4CD3 /* Assets.xcassets in Resources */,
			);
			runOnlyForDeploymentPostprocessing = 0;
		};
/* End PBXResourcesBuildPhase section */

/* Begin PBXSourcesBuildPhase section */
		3F86BDA42626D4C800CA4CD3 /* Sources */ = {
			isa = PBXSourcesBuildPhase;
			buildActionMask = 2147483647;
			files = (
				3FA90CA82632F862001D1BCE /* FavouriteEmptyView.swift in Sources */,
				3F261277263999AE00B3250D /* EnumerationItemsView.swift in Sources */,
				3F3F8F3E26285CD20027E48C /* HomeViewController.swift in Sources */,
				3FC3BB4C2639BF6600C74727 /* BookingHistoryViewModel.swift in Sources */,
				3F86BE182626F77300CA4CD3 /* LoginViewController.swift in Sources */,
				3FF0609126287A7700308556 /* AllCategoriesViewController.swift in Sources */,
				3F86BDE22626D93D00CA4CD3 /* DetailsRestarauntView.swift in Sources */,
				3FA90CAD2632F922001D1BCE /* SectionSeparatorView.swift in Sources */,
				3F3F8F4126285D770027E48C /* HomeViewModel.swift in Sources */,
				3FF0608D26287A6A00308556 /* AllCategoriesViewModel.swift in Sources */,
				3F86BE1B2626F93600CA4CD3 /* RegistrationViewController.swift in Sources */,
				3FA90C932632E653001D1BCE /* PlaceCardView.swift in Sources */,
				3F86BE052626DA2F00CA4CD3 /* RegistrationViewModel.swift in Sources */,
				3F86BDDD2626D91000CA4CD3 /* OrderProcessView.swift in Sources */,
				3FDE436F2632D20B00699ECB /* MapViewModel.swift in Sources */,
				3FA90CB22632FB97001D1BCE /* NavigationBarView.swift in Sources */,
				3FCE05962643F4C90097F23B /* FavouritesView.swift in Sources */,
				3FB452AF264171C1001128A0 /* UIAlertController.swift in Sources */,
				3F8F0E90263817EE006404B5 /* StepperView.swift in Sources */,
				3F86BDC52626D7F500CA4CD3 /* OrdersView.swift in Sources */,
				3FC3BB402639A9AA00C74727 /* FoodItemsViewController.swift in Sources */,
				3F86BDB32626D4C800CA4CD3 /* Booking_Application.xcdatamodeld in Sources */,
				3FDE436B2632D1FE00699ECB /* MapViewController.swift in Sources */,
				3F08B9F7262DB6380097FF1A /* Place.swift in Sources */,
				3FF060A2262889B200308556 /* MoreViewModel.swift in Sources */,
				3FDE434D26318C0800699ECB /* Link.swift in Sources */,
				3FF0608826286ED100308556 /* PlacesViewModel.swift in Sources */,
				3F08B9DF262DA5D90097FF1A /* DetailsRestarauntViewModel.swift in Sources */,
				3F08B9F1262DB2100097FF1A /* ImageURL.swift in Sources */,
				3FA90C992632EA05001D1BCE /* CategoryView.swift in Sources */,
				3F08B9DC262DA5CA0097FF1A /* DetailsRestarauntViewController.swift in Sources */,
				3FC3BB432639B40300C74727 /* Product.swift in Sources */,
				3F86BDAC2626D4C800CA4CD3 /* AppDelegate.swift in Sources */,
				3FC3BB4F2639BF7700C74727 /* BookingHistoryViewController.swift in Sources */,
				3FC3BB3D2639A97F00C74727 /* FoodItemsViewModel.swift in Sources */,
				3F08B9E6262DA6770097FF1A /* OrderProcessViewController.swift in Sources */,
				3FF0607D262867C600308556 /* User.swift in Sources */,
				3F26126326396F2000B3250D /* SchedulePopUpView.swift in Sources */,
				3F64AC5226402D6F00862BAC /* ButtonModifier.swift in Sources */,
				3F0A4319262EF69F0001C12F /* Review.swift in Sources */,
				3F86BDD22626D89A00CA4CD3 /* PlacesView.swift in Sources */,
				3FDE43642632C95300699ECB /* MapView.swift in Sources */,
				3F26126E263992D100B3250D /* FoodItemsView.swift in Sources */,
				3FA90C8E2632DEEE001D1BCE /* Schedule.swift in Sources */,
				3F86BDD82626D8DB00CA4CD3 /* AllCategoriesView.swift in Sources */,
				3F86BE012626DA1900CA4CD3 /* RegistrationView.swift in Sources */,
				3FF0609F2628894700308556 /* MoreViewController.swift in Sources */,
				3F64AC5826402E3900862BAC /* DatePickerView.swift in Sources */,
				3F86BDE72626D96300CA4CD3 /* MoreView.swift in Sources */,
				3F86BDFC2626D9F000CA4CD3 /* LoginViewModel.swift in Sources */,
				3F2612732639950500B3250D /* ProductView.swift in Sources */,
				3FA90CA22632F0DE001D1BCE /* TextFieldView.swift in Sources */,
				3F86BDF92626D9D800CA4CD3 /* LoginView.swift in Sources */,
				3F86BDF32626D9B000CA4CD3 /* LaunchView.swift in Sources */,
				3F1E19C2263C4B9A00908DE3 /* EnumerationTimeView.swift in Sources */,
				3F86BDAE2626D4C800CA4CD3 /* SceneDelegate.swift in Sources */,
				3F1E19C5263C4BFE00908DE3 /* Time.swift in Sources */,
				3F08B9E2262DA66E0097FF1A /* OrderProcessViewModel.swift in Sources */,
				3F68114726297E0B00095A7F /* OrdersViewController.swift in Sources */,
				3F0A430E262EEAFF0001C12F /* ServiceAPI.swift in Sources */,
				3FCE059A2643F5FE0097F23B /* FavouritesViewModel.swift in Sources */,
				3FA90CB72632FFD0001D1BCE /* SearchBarView.swift in Sources */,
				3F86BDED2626D98900CA4CD3 /* HomeView.swift in Sources */,
				3FF0608526286EC200308556 /* PlacesViewController.swift in Sources */,
				3FDE435E2631C0CD00699ECB /* Order.swift in Sources */,
				3FC3BB472639B5E800C74727 /* ErrorPopUpView.swift in Sources */,
				3F86BDCC2626D85200CA4CD3 /* BookingHistoryView.swift in Sources */,
				3FF060782628641D00308556 /* Category.swift in Sources */,
				3F64AC46263FF85800862BAC /* LoadingView.swift in Sources */,
				3FCE059E2643F60A0097F23B /* FavouritesViewController.swift in Sources */,
				3F68114A26297E7800095A7F /* OrdersViewModel.swift in Sources */,
			);
			runOnlyForDeploymentPostprocessing = 0;
		};
/* End PBXSourcesBuildPhase section */

/* Begin PBXVariantGroup section */
		3F86BDB92626D4D200CA4CD3 /* LaunchScreen.storyboard */ = {
			isa = PBXVariantGroup;
			children = (
				3F86BDBA2626D4D200CA4CD3 /* Base */,
			);
			name = LaunchScreen.storyboard;
			sourceTree = "<group>";
		};
/* End PBXVariantGroup section */

/* Begin XCBuildConfiguration section */
		3F86BDBD2626D4D200CA4CD3 /* Debug */ = {
			isa = XCBuildConfiguration;
			buildSettings = {
				ALWAYS_SEARCH_USER_PATHS = NO;
				CLANG_ANALYZER_NONNULL = YES;
				CLANG_ANALYZER_NUMBER_OBJECT_CONVERSION = YES_AGGRESSIVE;
				CLANG_CXX_LANGUAGE_STANDARD = "gnu++14";
				CLANG_CXX_LIBRARY = "libc++";
				CLANG_ENABLE_MODULES = YES;
				CLANG_ENABLE_OBJC_ARC = YES;
				CLANG_ENABLE_OBJC_WEAK = YES;
				CLANG_WARN_BLOCK_CAPTURE_AUTORELEASING = YES;
				CLANG_WARN_BOOL_CONVERSION = YES;
				CLANG_WARN_COMMA = YES;
				CLANG_WARN_CONSTANT_CONVERSION = YES;
				CLANG_WARN_DEPRECATED_OBJC_IMPLEMENTATIONS = YES;
				CLANG_WARN_DIRECT_OBJC_ISA_USAGE = YES_ERROR;
				CLANG_WARN_DOCUMENTATION_COMMENTS = YES;
				CLANG_WARN_EMPTY_BODY = YES;
				CLANG_WARN_ENUM_CONVERSION = YES;
				CLANG_WARN_INFINITE_RECURSION = YES;
				CLANG_WARN_INT_CONVERSION = YES;
				CLANG_WARN_NON_LITERAL_NULL_CONVERSION = YES;
				CLANG_WARN_OBJC_IMPLICIT_RETAIN_SELF = YES;
				CLANG_WARN_OBJC_LITERAL_CONVERSION = YES;
				CLANG_WARN_OBJC_ROOT_CLASS = YES_ERROR;
				CLANG_WARN_QUOTED_INCLUDE_IN_FRAMEWORK_HEADER = YES;
				CLANG_WARN_RANGE_LOOP_ANALYSIS = YES;
				CLANG_WARN_STRICT_PROTOTYPES = YES;
				CLANG_WARN_SUSPICIOUS_MOVE = YES;
				CLANG_WARN_UNGUARDED_AVAILABILITY = YES_AGGRESSIVE;
				CLANG_WARN_UNREACHABLE_CODE = YES;
				CLANG_WARN__DUPLICATE_METHOD_MATCH = YES;
				COPY_PHASE_STRIP = NO;
				DEBUG_INFORMATION_FORMAT = dwarf;
				ENABLE_STRICT_OBJC_MSGSEND = YES;
				ENABLE_TESTABILITY = YES;
				GCC_C_LANGUAGE_STANDARD = gnu11;
				GCC_DYNAMIC_NO_PIC = NO;
				GCC_NO_COMMON_BLOCKS = YES;
				GCC_OPTIMIZATION_LEVEL = 0;
				GCC_PREPROCESSOR_DEFINITIONS = (
					"DEBUG=1",
					"$(inherited)",
				);
				GCC_WARN_64_TO_32_BIT_CONVERSION = YES;
				GCC_WARN_ABOUT_RETURN_TYPE = YES_ERROR;
				GCC_WARN_UNDECLARED_SELECTOR = YES;
				GCC_WARN_UNINITIALIZED_AUTOS = YES_AGGRESSIVE;
				GCC_WARN_UNUSED_FUNCTION = YES;
				GCC_WARN_UNUSED_VARIABLE = YES;
				IPHONEOS_DEPLOYMENT_TARGET = 14.4;
				MTL_ENABLE_DEBUG_INFO = INCLUDE_SOURCE;
				MTL_FAST_MATH = YES;
				ONLY_ACTIVE_ARCH = YES;
				SDKROOT = iphoneos;
				SWIFT_ACTIVE_COMPILATION_CONDITIONS = DEBUG;
				SWIFT_OPTIMIZATION_LEVEL = "-Onone";
			};
			name = Debug;
		};
		3F86BDBE2626D4D200CA4CD3 /* Release */ = {
			isa = XCBuildConfiguration;
			buildSettings = {
				ALWAYS_SEARCH_USER_PATHS = NO;
				CLANG_ANALYZER_NONNULL = YES;
				CLANG_ANALYZER_NUMBER_OBJECT_CONVERSION = YES_AGGRESSIVE;
				CLANG_CXX_LANGUAGE_STANDARD = "gnu++14";
				CLANG_CXX_LIBRARY = "libc++";
				CLANG_ENABLE_MODULES = YES;
				CLANG_ENABLE_OBJC_ARC = YES;
				CLANG_ENABLE_OBJC_WEAK = YES;
				CLANG_WARN_BLOCK_CAPTURE_AUTORELEASING = YES;
				CLANG_WARN_BOOL_CONVERSION = YES;
				CLANG_WARN_COMMA = YES;
				CLANG_WARN_CONSTANT_CONVERSION = YES;
				CLANG_WARN_DEPRECATED_OBJC_IMPLEMENTATIONS = YES;
				CLANG_WARN_DIRECT_OBJC_ISA_USAGE = YES_ERROR;
				CLANG_WARN_DOCUMENTATION_COMMENTS = YES;
				CLANG_WARN_EMPTY_BODY = YES;
				CLANG_WARN_ENUM_CONVERSION = YES;
				CLANG_WARN_INFINITE_RECURSION = YES;
				CLANG_WARN_INT_CONVERSION = YES;
				CLANG_WARN_NON_LITERAL_NULL_CONVERSION = YES;
				CLANG_WARN_OBJC_IMPLICIT_RETAIN_SELF = YES;
				CLANG_WARN_OBJC_LITERAL_CONVERSION = YES;
				CLANG_WARN_OBJC_ROOT_CLASS = YES_ERROR;
				CLANG_WARN_QUOTED_INCLUDE_IN_FRAMEWORK_HEADER = YES;
				CLANG_WARN_RANGE_LOOP_ANALYSIS = YES;
				CLANG_WARN_STRICT_PROTOTYPES = YES;
				CLANG_WARN_SUSPICIOUS_MOVE = YES;
				CLANG_WARN_UNGUARDED_AVAILABILITY = YES_AGGRESSIVE;
				CLANG_WARN_UNREACHABLE_CODE = YES;
				CLANG_WARN__DUPLICATE_METHOD_MATCH = YES;
				COPY_PHASE_STRIP = NO;
				DEBUG_INFORMATION_FORMAT = "dwarf-with-dsym";
				ENABLE_NS_ASSERTIONS = NO;
				ENABLE_STRICT_OBJC_MSGSEND = YES;
				GCC_C_LANGUAGE_STANDARD = gnu11;
				GCC_NO_COMMON_BLOCKS = YES;
				GCC_WARN_64_TO_32_BIT_CONVERSION = YES;
				GCC_WARN_ABOUT_RETURN_TYPE = YES_ERROR;
				GCC_WARN_UNDECLARED_SELECTOR = YES;
				GCC_WARN_UNINITIALIZED_AUTOS = YES_AGGRESSIVE;
				GCC_WARN_UNUSED_FUNCTION = YES;
				GCC_WARN_UNUSED_VARIABLE = YES;
				IPHONEOS_DEPLOYMENT_TARGET = 14.4;
				MTL_ENABLE_DEBUG_INFO = NO;
				MTL_FAST_MATH = YES;
				SDKROOT = iphoneos;
				SWIFT_COMPILATION_MODE = wholemodule;
				SWIFT_OPTIMIZATION_LEVEL = "-O";
				VALIDATE_PRODUCT = YES;
			};
			name = Release;
		};
		3F86BDC02626D4D200CA4CD3 /* Debug */ = {
			isa = XCBuildConfiguration;
			buildSettings = {
				ASSETCATALOG_COMPILER_APPICON_NAME = AppIcon;
				ASSETCATALOG_COMPILER_GLOBAL_ACCENT_COLOR_NAME = AccentColor;
				CODE_SIGN_IDENTITY = "Apple Development: Siarhei Minkin (496HQZ25KF)";
				CODE_SIGN_STYLE = Manual;
				DEVELOPMENT_ASSET_PATHS = "\"Booking Application/Preview Content\"";
				DEVELOPMENT_TEAM = QRC4JHNDS2;
				ENABLE_PREVIEWS = YES;
				INFOPLIST_FILE = "Booking Application/Info.plist";
				LD_RUNPATH_SEARCH_PATHS = (
					"$(inherited)",
					"@executable_path/Frameworks",
				);
				PRODUCT_BUNDLE_IDENTIFIER = com.cogniteq.internship.fullplate;
				PRODUCT_NAME = "$(TARGET_NAME)";
				PROVISIONING_PROFILE_SPECIFIER = FullPlateInternShipDevProfile;
				SWIFT_VERSION = 5.0;
				TARGETED_DEVICE_FAMILY = 1;
			};
			name = Debug;
		};
		3F86BDC12626D4D200CA4CD3 /* Release */ = {
			isa = XCBuildConfiguration;
			buildSettings = {
				ASSETCATALOG_COMPILER_APPICON_NAME = AppIcon;
				ASSETCATALOG_COMPILER_GLOBAL_ACCENT_COLOR_NAME = AccentColor;
				CODE_SIGN_IDENTITY = "Apple Development: Siarhei Minkin (496HQZ25KF)";
				CODE_SIGN_STYLE = Manual;
				DEVELOPMENT_ASSET_PATHS = "\"Booking Application/Preview Content\"";
				DEVELOPMENT_TEAM = QRC4JHNDS2;
				ENABLE_PREVIEWS = YES;
				INFOPLIST_FILE = "Booking Application/Info.plist";
				LD_RUNPATH_SEARCH_PATHS = (
					"$(inherited)",
					"@executable_path/Frameworks",
				);
				PRODUCT_BUNDLE_IDENTIFIER = com.cogniteq.internship.fullplate;
				PRODUCT_NAME = "$(TARGET_NAME)";
				PROVISIONING_PROFILE_SPECIFIER = FullPlateInternShipDevProfile;
				SWIFT_VERSION = 5.0;
				TARGETED_DEVICE_FAMILY = 1;
			};
			name = Release;
		};
/* End XCBuildConfiguration section */

/* Begin XCConfigurationList section */
		3F86BDA32626D4C800CA4CD3 /* Build configuration list for PBXProject "Booking Application" */ = {
			isa = XCConfigurationList;
			buildConfigurations = (
				3F86BDBD2626D4D200CA4CD3 /* Debug */,
				3F86BDBE2626D4D200CA4CD3 /* Release */,
			);
			defaultConfigurationIsVisible = 0;
			defaultConfigurationName = Release;
		};
		3F86BDBF2626D4D200CA4CD3 /* Build configuration list for PBXNativeTarget "Booking Application" */ = {
			isa = XCConfigurationList;
			buildConfigurations = (
				3F86BDC02626D4D200CA4CD3 /* Debug */,
				3F86BDC12626D4D200CA4CD3 /* Release */,
			);
			defaultConfigurationIsVisible = 0;
			defaultConfigurationName = Release;
		};
/* End XCConfigurationList section */

/* Begin XCVersionGroup section */
		3F86BDB12626D4C800CA4CD3 /* Booking_Application.xcdatamodeld */ = {
			isa = XCVersionGroup;
			children = (
				3F86BDB22626D4C800CA4CD3 /* Booking_Application.xcdatamodel */,
			);
			currentVersion = 3F86BDB22626D4C800CA4CD3 /* Booking_Application.xcdatamodel */;
			path = Booking_Application.xcdatamodeld;
			sourceTree = "<group>";
			versionGroupType = wrapper.xcdatamodel;
		};
/* End XCVersionGroup section */
	};
	rootObject = 3F86BDA02626D4C800CA4CD3 /* Project object */;
}
